<Solution>
  <Folder Name="/.build/">
    <File Path=".editorconfig" />
    <File Path=".gitignore" />
    <File Path="paket.dependencies" />
    <File Path="paket.lock" />
    <File Path="README.md" />
  </Folder>
  <Project Path="CentralPackageManagement\CentralPackageManagement.fsproj" Type="Classic F#" />
</Solution>